
Microsoft Visual Studio Solution File, Format Version 11.00
# Visual Studio 2010
Project("{FAE04EC0-301F-11D3-BF4B-00C04F79EFBC}") = "DomainOntologyService", "DomainOntologyService\DomainOntologyService.csproj", "{E3760AC7-E514-47B0-8F6D-49A04F0A3580}"
	ProjectSection(ProjectDependencies) = postProject
		{22279424-74AB-44DD-9F20-C04DEB8745F7} = {22279424-74AB-44DD-9F20-C04DEB8745F7}
	EndProjectSection
EndProject
Project("{FAE04EC0-301F-11D3-BF4B-00C04F79EFBC}") = "Client", "Client\Client.csproj", "{165DF2B3-3B63-48CA-AFAD-DAFBE68E0CCD}"
	ProjectSection(ProjectDependencies) = postProject
		{22279424-74AB-44DD-9F20-C04DEB8745F7} = {22279424-74AB-44DD-9F20-C04DEB8745F7}
		{E3760AC7-E514-47B0-8F6D-49A04F0A3580} = {E3760AC7-E514-47B0-8F6D-49A04F0A3580}
	EndProjectSection
EndProject
Project("{FAE04EC0-301F-11D3-BF4B-00C04F79EFBC}") = "FunctionalityFindingService", "FunctionalityFindingService\FunctionalityFindingService.csproj", "{2D696BE4-36BB-4737-BDAD-F6EEAC28128A}"
	ProjectSection(ProjectDependencies) = postProject
		{22279424-74AB-44DD-9F20-C04DEB8745F7} = {22279424-74AB-44DD-9F20-C04DEB8745F7}
		{E3760AC7-E514-47B0-8F6D-49A04F0A3580} = {E3760AC7-E514-47B0-8F6D-49A04F0A3580}
	EndProjectSection
EndProject
Project("{FAE04EC0-301F-11D3-BF4B-00C04F79EFBC}") = "FuzzySelectorCommon", "FuzzySelectorCommon\FuzzySelectorCommon.csproj", "{22279424-74AB-44DD-9F20-C04DEB8745F7}"
EndProject
Project("{FAE04EC0-301F-11D3-BF4B-00C04F79EFBC}") = "SmartSpammer", "SmartSpammer\SmartSpammer.csproj", "{96B3839D-E70C-4901-BB1D-3B3F87794A25}"
EndProject
Project("{FAE04EC0-301F-11D3-BF4B-00C04F79EFBC}") = "UDDIConnector", "UDDIConnector\UDDIConnector.csproj", "{BAD60C1B-D57D-4C2D-9FB7-E1A1308714EC}"
EndProject
Global
	GlobalSection(SolutionConfigurationPlatforms) = preSolution
		Debug|Any CPU = Debug|Any CPU
		Release|Any CPU = Release|Any CPU
	EndGlobalSection
	GlobalSection(ProjectConfigurationPlatforms) = postSolution
		{E3760AC7-E514-47B0-8F6D-49A04F0A3580}.Debug|Any CPU.ActiveCfg = Debug|Any CPU
		{E3760AC7-E514-47B0-8F6D-49A04F0A3580}.Debug|Any CPU.Build.0 = Debug|Any CPU
		{E3760AC7-E514-47B0-8F6D-49A04F0A3580}.Release|Any CPU.ActiveCfg = Release|Any CPU
		{E3760AC7-E514-47B0-8F6D-49A04F0A3580}.Release|Any CPU.Build.0 = Release|Any CPU
		{165DF2B3-3B63-48CA-AFAD-DAFBE68E0CCD}.Debug|Any CPU.ActiveCfg = Debug|Any CPU
		{165DF2B3-3B63-48CA-AFAD-DAFBE68E0CCD}.Debug|Any CPU.Build.0 = Debug|Any CPU
		{165DF2B3-3B63-48CA-AFAD-DAFBE68E0CCD}.Release|Any CPU.ActiveCfg = Release|Any CPU
		{165DF2B3-3B63-48CA-AFAD-DAFBE68E0CCD}.Release|Any CPU.Build.0 = Release|Any CPU
		{2D696BE4-36BB-4737-BDAD-F6EEAC28128A}.Debug|Any CPU.ActiveCfg = Debug|Any CPU
		{2D696BE4-36BB-4737-BDAD-F6EEAC28128A}.Debug|Any CPU.Build.0 = Debug|Any CPU
		{2D696BE4-36BB-4737-BDAD-F6EEAC28128A}.Release|Any CPU.ActiveCfg = Release|Any CPU
		{2D696BE4-36BB-4737-BDAD-F6EEAC28128A}.Release|Any CPU.Build.0 = Release|Any CPU
		{22279424-74AB-44DD-9F20-C04DEB8745F7}.Debug|Any CPU.ActiveCfg = Debug|Any CPU
		{22279424-74AB-44DD-9F20-C04DEB8745F7}.Debug|Any CPU.Build.0 = Debug|Any CPU
		{22279424-74AB-44DD-9F20-C04DEB8745F7}.Release|Any CPU.ActiveCfg = Release|Any CPU
		{22279424-74AB-44DD-9F20-C04DEB8745F7}.Release|Any CPU.Build.0 = Release|Any CPU
		{96B3839D-E70C-4901-BB1D-3B3F87794A25}.Debug|Any CPU.ActiveCfg = Debug|Any CPU
		{96B3839D-E70C-4901-BB1D-3B3F87794A25}.Debug|Any CPU.Build.0 = Debug|Any CPU
		{96B3839D-E70C-4901-BB1D-3B3F87794A25}.Release|Any CPU.ActiveCfg = Release|Any CPU
		{96B3839D-E70C-4901-BB1D-3B3F87794A25}.Release|Any CPU.Build.0 = Release|Any CPU
		{BAD60C1B-D57D-4C2D-9FB7-E1A1308714EC}.Debug|Any CPU.ActiveCfg = Debug|Any CPU
		{BAD60C1B-D57D-4C2D-9FB7-E1A1308714EC}.Debug|Any CPU.Build.0 = Debug|Any CPU
		{BAD60C1B-D57D-4C2D-9FB7-E1A1308714EC}.Release|Any CPU.ActiveCfg = Release|Any CPU
		{BAD60C1B-D57D-4C2D-9FB7-E1A1308714EC}.Release|Any CPU.Build.0 = Release|Any CPU
	EndGlobalSection
	GlobalSection(SolutionProperties) = preSolution
		HideSolutionNode = FALSE
	EndGlobalSection
EndGlobal
